
Microsoft Visual Studio Solution File, Format Version 12.00
# Visual Studio Version 17
VisualStudioVersion = 17.8.34601.278
MinimumVisualStudioVersion = 10.0.40219.1
Project("{FAE04EC0-301F-11D3-BF4B-00C04F79EFBC}") = "Системное программирование_№3", "Системное программирование_№3\Системное программирование_№3.csproj", "{FA13CADF-FC95-4A12-A86B-7E90FAC05435}"
EndProject
Global
	GlobalSection(SolutionConfigurationPlatforms) = preSolution
		Debug|Any CPU = Debug|Any CPU
		Release|Any CPU = Release|Any CPU
	EndGlobalSection
	GlobalSection(ProjectConfigurationPlatforms) = postSolution
		{FA13CADF-FC95-4A12-A86B-7E90FAC05435}.Debug|Any CPU.ActiveCfg = Debug|Any CPU
		{FA13CADF-FC95-4A12-A86B-7E90FAC05435}.Debug|Any CPU.Build.0 = Debug|Any CPU
		{FA13CADF-FC95-4A12-A86B-7E90FAC05435}.Release|Any CPU.ActiveCfg = Release|Any CPU
		{FA13CADF-FC95-4A12-A86B-7E90FAC05435}.Release|Any CPU.Build.0 = Release|Any CPU
	EndGlobalSection
	GlobalSection(SolutionProperties) = preSolution
		HideSolutionNode = FALSE
	EndGlobalSection
	GlobalSection(ExtensibilityGlobals) = postSolution
		SolutionGuid = {A753DB8B-9AA2-445C-B880-4C84DB62E5AE}
	EndGlobalSection
EndGlobal
